
Microsoft Visual Studio Solution File, Format Version 12.00
# Visual Studio 15
VisualStudioVersion = 15.0.27703.2035
MinimumVisualStudioVersion = 10.0.40219.1
Project("{FAE04EC0-301F-11D3-BF4B-00C04F79EFBC}") = "Bascara", "Bascara\Bascara.csproj", "{B9C6A565-6A49-40A6-A44B-66862A4FD592}"
EndProject
Project("{FAE04EC0-301F-11D3-BF4B-00C04F79EFBC}") = "serieFibonacci", "serieFibonacci\serieFibonacci.csproj", "{27FCC078-45E4-4499-8B8E-E611E6218FC6}"
EndProject
Project("{FAE04EC0-301F-11D3-BF4B-00C04F79EFBC}") = "PrimeiroProgramaC", "PrimeiroProgramaC\PrimeiroProgramaC.csproj", "{721A4EA2-B11C-42FA-BA93-389698E8170F}"
EndProject
Project("{FAE04EC0-301F-11D3-BF4B-00C04F79EFBC}") = "DoisButton", "DoisButton\DoisButton.csproj", "{1F69D1D0-A5EF-40AF-800B-0A777E623BF7}"
EndProject
Project("{FAE04EC0-301F-11D3-BF4B-00C04F79EFBC}") = "CaixaEletronico", "CaixaEletronico\CaixaEletronico.csproj", "{2607894B-2CAB-4808-8BF7-EB006AA469F2}"
EndProject
Project("{FAE04EC0-301F-11D3-BF4B-00C04F79EFBC}") = "idadeMedia", "idadeMedia\idadeMedia.csproj", "{91F47E03-DFC3-45A2-ABFF-1FB330F9FC02}"
EndProject
Project("{FAE04EC0-301F-11D3-BF4B-00C04F79EFBC}") = "calculoImposto", "calculoImposto\calculoImposto.csproj", "{0C9C4202-8FC4-4EE1-AC35-C48D94557BF7}"
EndProject
Project("{FAE04EC0-301F-11D3-BF4B-00C04F79EFBC}") = "Voto", "Voto\Voto.csproj", "{7718E08F-6FCB-4E17-A317-9ABCA89447FF}"
EndProject
Project("{FAE04EC0-301F-11D3-BF4B-00C04F79EFBC}") = "soma1a1000", "soma1a1000\soma1a1000.csproj", "{B4DA8D51-B287-45A8-AB6B-F70ED64DD3B6}"
EndProject
Project("{FAE04EC0-301F-11D3-BF4B-00C04F79EFBC}") = "MultiplosDe3", "MultiplosDe3\MultiplosDe3.csproj", "{C85E2EDD-B061-4DEA-BF73-442C62CB302D}"
EndProject
Project("{FAE04EC0-301F-11D3-BF4B-00C04F79EFBC}") = "nFatoriais", "nFatoriais\nFatoriais.csproj", "{5A1F2E9E-0063-4D31-9CB2-F7489AAEB178}"
EndProject
Project("{FAE04EC0-301F-11D3-BF4B-00C04F79EFBC}") = "ForEncadeada", "ForEncadeada\ForEncadeada.csproj", "{2CA8C785-E108-4770-B68C-FE29D0F91E49}"
EndProject
Project("{FAE04EC0-301F-11D3-BF4B-00C04F79EFBC}") = "Operadores", "Operadores\Operadores.csproj", "{5BC6C994-B838-4908-A2CC-5771032EA27C}"
EndProject
Project("{FAE04EC0-301F-11D3-BF4B-00C04F79EFBC}") = "LaçosEmMultiplos", "LaçosEmMultiplos\LaçosEmMultiplos.csproj", "{18B1DD9C-89D1-4416-9F90-7C6C21919366}"
EndProject
Project("{FAE04EC0-301F-11D3-BF4B-00C04F79EFBC}") = "CriandoClass", "CriandoClass\CriandoClass.csproj", "{B9043A3A-224D-4A7C-9A4D-FB2266ECC84D}"
EndProject
Global
	GlobalSection(SolutionConfigurationPlatforms) = preSolution
		Debug|Any CPU = Debug|Any CPU
		Release|Any CPU = Release|Any CPU
	EndGlobalSection
	GlobalSection(ProjectConfigurationPlatforms) = postSolution
		{B9C6A565-6A49-40A6-A44B-66862A4FD592}.Debug|Any CPU.ActiveCfg = Debug|Any CPU
		{B9C6A565-6A49-40A6-A44B-66862A4FD592}.Debug|Any CPU.Build.0 = Debug|Any CPU
		{B9C6A565-6A49-40A6-A44B-66862A4FD592}.Release|Any CPU.ActiveCfg = Release|Any CPU
		{B9C6A565-6A49-40A6-A44B-66862A4FD592}.Release|Any CPU.Build.0 = Release|Any CPU
		{27FCC078-45E4-4499-8B8E-E611E6218FC6}.Debug|Any CPU.ActiveCfg = Debug|Any CPU
		{27FCC078-45E4-4499-8B8E-E611E6218FC6}.Debug|Any CPU.Build.0 = Debug|Any CPU
		{27FCC078-45E4-4499-8B8E-E611E6218FC6}.Release|Any CPU.ActiveCfg = Release|Any CPU
		{27FCC078-45E4-4499-8B8E-E611E6218FC6}.Release|Any CPU.Build.0 = Release|Any CPU
		{721A4EA2-B11C-42FA-BA93-389698E8170F}.Debug|Any CPU.ActiveCfg = Debug|Any CPU
		{721A4EA2-B11C-42FA-BA93-389698E8170F}.Debug|Any CPU.Build.0 = Debug|Any CPU
		{721A4EA2-B11C-42FA-BA93-389698E8170F}.Release|Any CPU.ActiveCfg = Release|Any CPU
		{721A4EA2-B11C-42FA-BA93-389698E8170F}.Release|Any CPU.Build.0 = Release|Any CPU
		{1F69D1D0-A5EF-40AF-800B-0A777E623BF7}.Debug|Any CPU.ActiveCfg = Debug|Any CPU
		{1F69D1D0-A5EF-40AF-800B-0A777E623BF7}.Debug|Any CPU.Build.0 = Debug|Any CPU
		{1F69D1D0-A5EF-40AF-800B-0A777E623BF7}.Release|Any CPU.ActiveCfg = Release|Any CPU
		{1F69D1D0-A5EF-40AF-800B-0A777E623BF7}.Release|Any CPU.Build.0 = Release|Any CPU
		{2607894B-2CAB-4808-8BF7-EB006AA469F2}.Debug|Any CPU.ActiveCfg = Debug|Any CPU
		{2607894B-2CAB-4808-8BF7-EB006AA469F2}.Debug|Any CPU.Build.0 = Debug|Any CPU
		{2607894B-2CAB-4808-8BF7-EB006AA469F2}.Release|Any CPU.ActiveCfg = Release|Any CPU
		{2607894B-2CAB-4808-8BF7-EB006AA469F2}.Release|Any CPU.Build.0 = Release|Any CPU
		{91F47E03-DFC3-45A2-ABFF-1FB330F9FC02}.Debug|Any CPU.ActiveCfg = Debug|Any CPU
		{91F47E03-DFC3-45A2-ABFF-1FB330F9FC02}.Debug|Any CPU.Build.0 = Debug|Any CPU
		{91F47E03-DFC3-45A2-ABFF-1FB330F9FC02}.Release|Any CPU.ActiveCfg = Release|Any CPU
		{91F47E03-DFC3-45A2-ABFF-1FB330F9FC02}.Release|Any CPU.Build.0 = Release|Any CPU
		{0C9C4202-8FC4-4EE1-AC35-C48D94557BF7}.Debug|Any CPU.ActiveCfg = Debug|Any CPU
		{0C9C4202-8FC4-4EE1-AC35-C48D94557BF7}.Debug|Any CPU.Build.0 = Debug|Any CPU
		{0C9C4202-8FC4-4EE1-AC35-C48D94557BF7}.Release|Any CPU.ActiveCfg = Release|Any CPU
		{0C9C4202-8FC4-4EE1-AC35-C48D94557BF7}.Release|Any CPU.Build.0 = Release|Any CPU
		{7718E08F-6FCB-4E17-A317-9ABCA89447FF}.Debug|Any CPU.ActiveCfg = Debug|Any CPU
		{7718E08F-6FCB-4E17-A317-9ABCA89447FF}.Debug|Any CPU.Build.0 = Debug|Any CPU
		{7718E08F-6FCB-4E17-A317-9ABCA89447FF}.Release|Any CPU.ActiveCfg = Release|Any CPU
		{7718E08F-6FCB-4E17-A317-9ABCA89447FF}.Release|Any CPU.Build.0 = Release|Any CPU
		{B4DA8D51-B287-45A8-AB6B-F70ED64DD3B6}.Debug|Any CPU.ActiveCfg = Debug|Any CPU
		{B4DA8D51-B287-45A8-AB6B-F70ED64DD3B6}.Debug|Any CPU.Build.0 = Debug|Any CPU
		{B4DA8D51-B287-45A8-AB6B-F70ED64DD3B6}.Release|Any CPU.ActiveCfg = Release|Any CPU
		{B4DA8D51-B287-45A8-AB6B-F70ED64DD3B6}.Release|Any CPU.Build.0 = Release|Any CPU
		{C85E2EDD-B061-4DEA-BF73-442C62CB302D}.Debug|Any CPU.ActiveCfg = Debug|Any CPU
		{C85E2EDD-B061-4DEA-BF73-442C62CB302D}.Debug|Any CPU.Build.0 = Debug|Any CPU
		{C85E2EDD-B061-4DEA-BF73-442C62CB302D}.Release|Any CPU.ActiveCfg = Release|Any CPU
		{C85E2EDD-B061-4DEA-BF73-442C62CB302D}.Release|Any CPU.Build.0 = Release|Any CPU
		{5A1F2E9E-0063-4D31-9CB2-F7489AAEB178}.Debug|Any CPU.ActiveCfg = Debug|Any CPU
		{5A1F2E9E-0063-4D31-9CB2-F7489AAEB178}.Debug|Any CPU.Build.0 = Debug|Any CPU
		{5A1F2E9E-0063-4D31-9CB2-F7489AAEB178}.Release|Any CPU.ActiveCfg = Release|Any CPU
		{5A1F2E9E-0063-4D31-9CB2-F7489AAEB178}.Release|Any CPU.Build.0 = Release|Any CPU
		{2CA8C785-E108-4770-B68C-FE29D0F91E49}.Debug|Any CPU.ActiveCfg = Debug|Any CPU
		{2CA8C785-E108-4770-B68C-FE29D0F91E49}.Debug|Any CPU.Build.0 = Debug|Any CPU
		{2CA8C785-E108-4770-B68C-FE29D0F91E49}.Release|Any CPU.ActiveCfg = Release|Any CPU
		{2CA8C785-E108-4770-B68C-FE29D0F91E49}.Release|Any CPU.Build.0 = Release|Any CPU
		{5BC6C994-B838-4908-A2CC-5771032EA27C}.Debug|Any CPU.ActiveCfg = Debug|Any CPU
		{5BC6C994-B838-4908-A2CC-5771032EA27C}.Debug|Any CPU.Build.0 = Debug|Any CPU
		{5BC6C994-B838-4908-A2CC-5771032EA27C}.Release|Any CPU.ActiveCfg = Release|Any CPU
		{5BC6C994-B838-4908-A2CC-5771032EA27C}.Release|Any CPU.Build.0 = Release|Any CPU
		{18B1DD9C-89D1-4416-9F90-7C6C21919366}.Debug|Any CPU.ActiveCfg = Debug|Any CPU
		{18B1DD9C-89D1-4416-9F90-7C6C21919366}.Debug|Any CPU.Build.0 = Debug|Any CPU
		{18B1DD9C-89D1-4416-9F90-7C6C21919366}.Release|Any CPU.ActiveCfg = Release|Any CPU
		{18B1DD9C-89D1-4416-9F90-7C6C21919366}.Release|Any CPU.Build.0 = Release|Any CPU
		{B9043A3A-224D-4A7C-9A4D-FB2266ECC84D}.Debug|Any CPU.ActiveCfg = Debug|Any CPU
		{B9043A3A-224D-4A7C-9A4D-FB2266ECC84D}.Debug|Any CPU.Build.0 = Debug|Any CPU
		{B9043A3A-224D-4A7C-9A4D-FB2266ECC84D}.Release|Any CPU.ActiveCfg = Release|Any CPU
		{B9043A3A-224D-4A7C-9A4D-FB2266ECC84D}.Release|Any CPU.Build.0 = Release|Any CPU
	EndGlobalSection
	GlobalSection(SolutionProperties) = preSolution
		HideSolutionNode = FALSE
	EndGlobalSection
	GlobalSection(ExtensibilityGlobals) = postSolution
		SolutionGuid = {3EC98AEE-EDAD-48B0-AFC1-D178B52567FB}
	EndGlobalSection
EndGlobal
