
Microsoft Visual Studio Solution File, Format Version 12.00
# Visual Studio 15
VisualStudioVersion = 15.0.27703.2035
MinimumVisualStudioVersion = 10.0.40219.1
Project("{FAE04EC0-301F-11D3-BF4B-00C04F79EFBC}") = "Encapsulamento", "Encapsulamento\Encapsulamento.csproj", "{99F0355B-AF9C-4C6E-A72A-D7BF4866D18D}"
EndProject
Project("{FAE04EC0-301F-11D3-BF4B-00C04F79EFBC}") = "Construtores", "Construtores\Construtores.csproj", "{2052B15C-5CEC-48DD-A154-96B376283814}"
EndProject
Project("{FAE04EC0-301F-11D3-BF4B-00C04F79EFBC}") = "CaixaEletronico", "CaixaEletronico\CaixaEletronico.csproj", "{0C19A6FF-DC92-45F6-BFC3-85D4CD7E14B7}"
EndProject
Project("{FAE04EC0-301F-11D3-BF4B-00C04F79EFBC}") = "CaixaEletronicoDeposito", "CaixaEletronicoDeposito\CaixaEletronicoDeposito.csproj", "{AC0006E3-0CD8-47BD-A9A9-6AC372A0225E}"
EndProject
Global
	GlobalSection(SolutionConfigurationPlatforms) = preSolution
		Debug|Any CPU = Debug|Any CPU
		Release|Any CPU = Release|Any CPU
	EndGlobalSection
	GlobalSection(ProjectConfigurationPlatforms) = postSolution
		{99F0355B-AF9C-4C6E-A72A-D7BF4866D18D}.Debug|Any CPU.ActiveCfg = Debug|Any CPU
		{99F0355B-AF9C-4C6E-A72A-D7BF4866D18D}.Debug|Any CPU.Build.0 = Debug|Any CPU
		{99F0355B-AF9C-4C6E-A72A-D7BF4866D18D}.Release|Any CPU.ActiveCfg = Release|Any CPU
		{99F0355B-AF9C-4C6E-A72A-D7BF4866D18D}.Release|Any CPU.Build.0 = Release|Any CPU
		{2052B15C-5CEC-48DD-A154-96B376283814}.Debug|Any CPU.ActiveCfg = Debug|Any CPU
		{2052B15C-5CEC-48DD-A154-96B376283814}.Debug|Any CPU.Build.0 = Debug|Any CPU
		{2052B15C-5CEC-48DD-A154-96B376283814}.Release|Any CPU.ActiveCfg = Release|Any CPU
		{2052B15C-5CEC-48DD-A154-96B376283814}.Release|Any CPU.Build.0 = Release|Any CPU
		{0C19A6FF-DC92-45F6-BFC3-85D4CD7E14B7}.Debug|Any CPU.ActiveCfg = Debug|Any CPU
		{0C19A6FF-DC92-45F6-BFC3-85D4CD7E14B7}.Debug|Any CPU.Build.0 = Debug|Any CPU
		{0C19A6FF-DC92-45F6-BFC3-85D4CD7E14B7}.Release|Any CPU.ActiveCfg = Release|Any CPU
		{0C19A6FF-DC92-45F6-BFC3-85D4CD7E14B7}.Release|Any CPU.Build.0 = Release|Any CPU
		{AC0006E3-0CD8-47BD-A9A9-6AC372A0225E}.Debug|Any CPU.ActiveCfg = Debug|Any CPU
		{AC0006E3-0CD8-47BD-A9A9-6AC372A0225E}.Debug|Any CPU.Build.0 = Debug|Any CPU
		{AC0006E3-0CD8-47BD-A9A9-6AC372A0225E}.Release|Any CPU.ActiveCfg = Release|Any CPU
		{AC0006E3-0CD8-47BD-A9A9-6AC372A0225E}.Release|Any CPU.Build.0 = Release|Any CPU
	EndGlobalSection
	GlobalSection(SolutionProperties) = preSolution
		HideSolutionNode = FALSE
	EndGlobalSection
	GlobalSection(ExtensibilityGlobals) = postSolution
		SolutionGuid = {97C1E3B2-5F21-4992-B863-4C3F7A013AC2}
	EndGlobalSection
EndGlobal
